
Microsoft Visual Studio Solution File, Format Version 12.00
# Visual Studio Version 17
VisualStudioVersion = 17.2.32616.157
MinimumVisualStudioVersion = 10.0.40219.1
Project("{9A19103F-16F7-4668-BE54-9A1E7A4F7556}") = "NamelessBot.Bot", "NamelessBot.Bot\NamelessBot.Bot.csproj", "{F2136538-8737-4491-80F1-40D58C2BD300}"
EndProject
Global
	GlobalSection(SolutionConfigurationPlatforms) = preSolution
		Debug|Any CPU = Debug|Any CPU
		Release|Any CPU = Release|Any CPU
	EndGlobalSection
	GlobalSection(ProjectConfigurationPlatforms) = postSolution
		{F2136538-8737-4491-80F1-40D58C2BD300}.Debug|Any CPU.ActiveCfg = Debug|Any CPU
		{F2136538-8737-4491-80F1-40D58C2BD300}.Debug|Any CPU.Build.0 = Debug|Any CPU
		{F2136538-8737-4491-80F1-40D58C2BD300}.Release|Any CPU.ActiveCfg = Release|Any CPU
		{F2136538-8737-4491-80F1-40D58C2BD300}.Release|Any CPU.Build.0 = Release|Any CPU
	EndGlobalSection
	GlobalSection(SolutionProperties) = preSolution
		HideSolutionNode = FALSE
	EndGlobalSection
	GlobalSection(ExtensibilityGlobals) = postSolution
		SolutionGuid = {133C1900-1285-47C1-92FA-034352067A2B}
	EndGlobalSection
EndGlobal
